// !$*UTF8*$!
{
	archiveVersion = 1;
	classes = {
	};
	objectVersion = 51;
	objects = {

/* Begin PBXBuildFile section */
		2AE8F1DA24E08C100003B085 /* AppDelegate.swift in Sources */ = {isa = PBXBuildFile; fileRef = 2AE8F1D924E08C100003B085 /* AppDelegate.swift */; };
		2AE8F1DC24E08C100003B085 /* SceneDelegate.swift in Sources */ = {isa = PBXBuildFile; fileRef = 2AE8F1DB24E08C100003B085 /* SceneDelegate.swift */; };
		2AE8F1DE24E08C100003B085 /* ViewController.swift in Sources */ = {isa = PBXBuildFile; fileRef = 2AE8F1DD24E08C100003B085 /* ViewController.swift */; };
		2AE8F1E124E08C100003B085 /* Main.storyboard in Resources */ = {isa = PBXBuildFile; fileRef = 2AE8F1DF24E08C100003B085 /* Main.storyboard */; };
		2AE8F1E324E08C110003B085 /* Assets.xcassets in Resources */ = {isa = PBXBuildFile; fileRef = 2AE8F1E224E08C110003B085 /* Assets.xcassets */; };
		2AE8F1E624E08C110003B085 /* LaunchScreen.storyboard in Resources */ = {isa = PBXBuildFile; fileRef = 2AE8F1E424E08C110003B085 /* LaunchScreen.storyboard */; };
		2AE8F1EE24E08C5D0003B085 /* backg.jpg in Resources */ = {isa = PBXBuildFile; fileRef = 2AE8F1ED24E08C5D0003B085 /* backg.jpg */; };
		2AE8F1F024E09C7E0003B085 /* LoginViewController.swift in Sources */ = {isa = PBXBuildFile; fileRef = 2AE8F1EF24E09C7E0003B085 /* LoginViewController.swift */; };
		2AE8F1F224E0E5EB0003B085 /* SignUpViewController.swift in Sources */ = {isa = PBXBuildFile; fileRef = 2AE8F1F124E0E5EB0003B085 /* SignUpViewController.swift */; };
		3ED5DF406373367AB026F476 /* Pods_Capstone_elite_helpingHand.framework in Frameworks */ = {isa = PBXBuildFile; fileRef = E0FF3C1DF30ED8BF77E557A0 /* Pods_Capstone_elite_helpingHand.framework */; };
/* End PBXBuildFile section */

/* Begin PBXFileReference section */
		2AE8F1D624E08C100003B085 /* Capstone_elite_helpingHand.app */ = {isa = PBXFileReference; explicitFileType = wrapper.application; includeInIndex = 0; path = Capstone_elite_helpingHand.app; sourceTree = BUILT_PRODUCTS_DIR; };
		2AE8F1D924E08C100003B085 /* AppDelegate.swift */ = {isa = PBXFileReference; lastKnownFileType = sourcecode.swift; path = AppDelegate.swift; sourceTree = "<group>"; };
		2AE8F1DB24E08C100003B085 /* SceneDelegate.swift */ = {isa = PBXFileReference; lastKnownFileType = sourcecode.swift; path = SceneDelegate.swift; sourceTree = "<group>"; };
		2AE8F1DD24E08C100003B085 /* ViewController.swift */ = {isa = PBXFileReference; lastKnownFileType = sourcecode.swift; path = ViewController.swift; sourceTree = "<group>"; };
		2AE8F1E024E08C100003B085 /* Base */ = {isa = PBXFileReference; lastKnownFileType = file.storyboard; name = Base; path = Base.lproj/Main.storyboard; sourceTree = "<group>"; };
		2AE8F1E224E08C110003B085 /* Assets.xcassets */ = {isa = PBXFileReference; lastKnownFileType = folder.assetcatalog; path = Assets.xcassets; sourceTree = "<group>"; };
		2AE8F1E524E08C110003B085 /* Base */ = {isa = PBXFileReference; lastKnownFileType = file.storyboard; name = Base; path = Base.lproj/LaunchScreen.storyboard; sourceTree = "<group>"; };
		2AE8F1E724E08C110003B085 /* Info.plist */ = {isa = PBXFileReference; lastKnownFileType = text.plist.xml; path = Info.plist; sourceTree = "<group>"; };
		2AE8F1ED24E08C5D0003B085 /* backg.jpg */ = {isa = PBXFileReference; lastKnownFileType = image.jpeg; path = backg.jpg; sourceTree = "<group>"; };
		2AE8F1EF24E09C7E0003B085 /* LoginViewController.swift */ = {isa = PBXFileReference; lastKnownFileType = sourcecode.swift; path = LoginViewController.swift; sourceTree = "<group>"; };
		2AE8F1F124E0E5EB0003B085 /* SignUpViewController.swift */ = {isa = PBXFileReference; lastKnownFileType = sourcecode.swift; path = SignUpViewController.swift; sourceTree = "<group>"; };
		3E0185AC124955A9E5FB7107 /* Pods-Capstone_elite_helpingHand.debug.xcconfig */ = {isa = PBXFileReference; includeInIndex = 1; lastKnownFileType = text.xcconfig; name = "Pods-Capstone_elite_helpingHand.debug.xcconfig"; path = "Target Support Files/Pods-Capstone_elite_helpingHand/Pods-Capstone_elite_helpingHand.debug.xcconfig"; sourceTree = "<group>"; };
		485E377FE832B70AAA78E8B7 /* Pods-Capstone_elite_helpingHand.release.xcconfig */ = {isa = PBXFileReference; includeInIndex = 1; lastKnownFileType = text.xcconfig; name = "Pods-Capstone_elite_helpingHand.release.xcconfig"; path = "Target Support Files/Pods-Capstone_elite_helpingHand/Pods-Capstone_elite_helpingHand.release.xcconfig"; sourceTree = "<group>"; };
		E0FF3C1DF30ED8BF77E557A0 /* Pods_Capstone_elite_helpingHand.framework */ = {isa = PBXFileReference; explicitFileType = wrapper.framework; includeInIndex = 0; path = Pods_Capstone_elite_helpingHand.framework; sourceTree = BUILT_PRODUCTS_DIR; };
/* End PBXFileReference section */

/* Begin PBXFrameworksBuildPhase section */
		2AE8F1D324E08C100003B085 /* Frameworks */ = {
			isa = PBXFrameworksBuildPhase;
			buildActionMask = 2147483647;
			files = (
				3ED5DF406373367AB026F476 /* Pods_Capstone_elite_helpingHand.framework in Frameworks */,
			);
			runOnlyForDeploymentPostprocessing = 0;
		};
/* End PBXFrameworksBuildPhase section */

/* Begin PBXGroup section */
		02519852D73FBE7B547CE384 /* Frameworks */ = {
			isa = PBXGroup;
			children = (
				E0FF3C1DF30ED8BF77E557A0 /* Pods_Capstone_elite_helpingHand.framework */,
			);
			name = Frameworks;
			sourceTree = "<group>";
		};
		2AE8F1CD24E08C100003B085 = {
			isa = PBXGroup;
			children = (
				2AE8F1D824E08C100003B085 /* Capstone_elite_helpingHand */,
				2AE8F1D724E08C100003B085 /* Products */,
				823C4EF7CB9528786B8B94A8 /* Pods */,
				02519852D73FBE7B547CE384 /* Frameworks */,
			);
			sourceTree = "<group>";
		};
		2AE8F1D724E08C100003B085 /* Products */ = {
			isa = PBXGroup;
			children = (
				2AE8F1D624E08C100003B085 /* Capstone_elite_helpingHand.app */,
			);
			name = Products;
			sourceTree = "<group>";
		};
		2AE8F1D824E08C100003B085 /* Capstone_elite_helpingHand */ = {
			isa = PBXGroup;
			children = (
				2AE8F1ED24E08C5D0003B085 /* backg.jpg */,
				2AE8F1D924E08C100003B085 /* AppDelegate.swift */,
				2AE8F1DB24E08C100003B085 /* SceneDelegate.swift */,
				2AE8F1DD24E08C100003B085 /* ViewController.swift */,
				2AE8F1DF24E08C100003B085 /* Main.storyboard */,
				2AE8F1E224E08C110003B085 /* Assets.xcassets */,
				2AE8F1E424E08C110003B085 /* LaunchScreen.storyboard */,
				2AE8F1E724E08C110003B085 /* Info.plist */,
				2AE8F1EF24E09C7E0003B085 /* LoginViewController.swift */,
				2AE8F1F124E0E5EB0003B085 /* SignUpViewController.swift */,
			);
			path = Capstone_elite_helpingHand;
			sourceTree = "<group>";
		};
		823C4EF7CB9528786B8B94A8 /* Pods */ = {
			isa = PBXGroup;
			children = (
				3E0185AC124955A9E5FB7107 /* Pods-Capstone_elite_helpingHand.debug.xcconfig */,
				485E377FE832B70AAA78E8B7 /* Pods-Capstone_elite_helpingHand.release.xcconfig */,
			);
			path = Pods;
			sourceTree = "<group>";
		};
/* End PBXGroup section */

/* Begin PBXNativeTarget section */
		2AE8F1D524E08C100003B085 /* Capstone_elite_helpingHand */ = {
			isa = PBXNativeTarget;
			buildConfigurationList = 2AE8F1EA24E08C110003B085 /* Build configuration list for PBXNativeTarget "Capstone_elite_helpingHand" */;
			buildPhases = (
				85806541B54C5CB9303C1E4E /* [CP] Check Pods Manifest.lock */,
				2AE8F1D224E08C100003B085 /* Sources */,
				2AE8F1D324E08C100003B085 /* Frameworks */,
				2AE8F1D424E08C100003B085 /* Resources */,
				1C330E6D621D810FD6F5AC8A /* [CP] Embed Pods Frameworks */,
			);
			buildRules = (
			);
			dependencies = (
			);
			name = Capstone_elite_helpingHand;
			productName = Capstone_elite_helpingHand;
			productReference = 2AE8F1D624E08C100003B085 /* Capstone_elite_helpingHand.app */;
			productType = "com.apple.product-type.application";
		};
/* End PBXNativeTarget section */

/* Begin PBXProject section */
		2AE8F1CE24E08C100003B085 /* Project object */ = {
			isa = PBXProject;
			attributes = {
				LastSwiftUpdateCheck = 1160;
				LastUpgradeCheck = 1160;
				ORGANIZATIONNAME = "Aman Kaur";
				TargetAttributes = {
					2AE8F1D524E08C100003B085 = {
						CreatedOnToolsVersion = 11.6;
					};
				};
			};
			buildConfigurationList = 2AE8F1D124E08C100003B085 /* Build configuration list for PBXProject "Capstone_elite_helpingHand" */;
			compatibilityVersion = "Xcode 9.3";
			developmentRegion = en;
			hasScannedForEncodings = 0;
			knownRegions = (
				en,
				Base,
			);
			mainGroup = 2AE8F1CD24E08C100003B085;
			productRefGroup = 2AE8F1D724E08C100003B085 /* Products */;
			projectDirPath = "";
			projectRoot = "";
			targets = (
				2AE8F1D524E08C100003B085 /* Capstone_elite_helpingHand */,
			);
		};
/* End PBXProject section */

/* Begin PBXResourcesBuildPhase section */
		2AE8F1D424E08C100003B085 /* Resources */ = {
			isa = PBXResourcesBuildPhase;
			buildActionMask = 2147483647;
			files = (
				2AE8F1EE24E08C5D0003B085 /* backg.jpg in Resources */,
				2AE8F1E624E08C110003B085 /* LaunchScreen.storyboard in Resources */,
				2AE8F1E324E08C110003B085 /* Assets.xcassets in Resources */,
				2AE8F1E124E08C100003B085 /* Main.storyboard in Resources */,
			);
			runOnlyForDeploymentPostprocessing = 0;
		};
/* End PBXResourcesBuildPhase section */

/* Begin PBXShellScriptBuildPhase section */
		1C330E6D621D810FD6F5AC8A /* [CP] Embed Pods Frameworks */ = {
			isa = PBXShellScriptBuildPhase;
			buildActionMask = 2147483647;
			files = (
			);
			inputFileListPaths = (
				"${PODS_ROOT}/Target Support Files/Pods-Capstone_elite_helpingHand/Pods-Capstone_elite_helpingHand-frameworks-${CONFIGURATION}-input-files.xcfilelist",
			);
			name = "[CP] Embed Pods Frameworks";
			outputFileListPaths = (
				"${PODS_ROOT}/Target Support Files/Pods-Capstone_elite_helpingHand/Pods-Capstone_elite_helpingHand-frameworks-${CONFIGURATION}-output-files.xcfilelist",
			);
			runOnlyForDeploymentPostprocessing = 0;
			shellPath = /bin/sh;
			shellScript = "\"${PODS_ROOT}/Target Support Files/Pods-Capstone_elite_helpingHand/Pods-Capstone_elite_helpingHand-frameworks.sh\"\n";
			showEnvVarsInLog = 0;
		};
		85806541B54C5CB9303C1E4E /* [CP] Check Pods Manifest.lock */ = {
			isa = PBXShellScriptBuildPhase;
			buildActionMask = 2147483647;
			files = (
			);
			inputFileListPaths = (
			);
			inputPaths = (
				"${PODS_PODFILE_DIR_PATH}/Podfile.lock",
				"${PODS_ROOT}/Manifest.lock",
			);
			name = "[CP] Check Pods Manifest.lock";
			outputFileListPaths = (
			);
			outputPaths = (
				"$(DERIVED_FILE_DIR)/Pods-Capstone_elite_helpingHand-checkManifestLockResult.txt",
			);
			runOnlyForDeploymentPostprocessing = 0;
			shellPath = /bin/sh;
			shellScript = "diff \"${PODS_PODFILE_DIR_PATH}/Podfile.lock\" \"${PODS_ROOT}/Manifest.lock\" > /dev/null\nif [ $? != 0 ] ; then\n    # print error to STDERR\n    echo \"error: The sandbox is not in sync with the Podfile.lock. Run 'pod install' or update your CocoaPods installation.\" >&2\n    exit 1\nfi\n# This output is used by Xcode 'outputs' to avoid re-running this script phase.\necho \"SUCCESS\" > \"${SCRIPT_OUTPUT_FILE_0}\"\n";
			showEnvVarsInLog = 0;
		};
/* End PBXShellScriptBuildPhase section */

/* Begin PBXSourcesBuildPhase section */
		2AE8F1D224E08C100003B085 /* Sources */ = {
			isa = PBXSourcesBuildPhase;
			buildActionMask = 2147483647;
			files = (
				2AE8F1F024E09C7E0003B085 /* LoginViewController.swift in Sources */,
				2AE8F1DE24E08C100003B085 /* ViewController.swift in Sources */,
				2AE8F1DA24E08C100003B085 /* AppDelegate.swift in Sources */,
				2AE8F1DC24E08C100003B085 /* SceneDelegate.swift in Sources */,
				2AE8F1F224E0E5EB0003B085 /* SignUpViewController.swift in Sources */,
			);
			runOnlyForDeploymentPostprocessing = 0;
		};
/* End PBXSourcesBuildPhase section */

/* Begin PBXVariantGroup section */
		2AE8F1DF24E08C100003B085 /* Main.storyboard */ = {
			isa = PBXVariantGroup;
			children = (
				2AE8F1E024E08C100003B085 /* Base */,
			);
			name = Main.storyboard;
			sourceTree = "<group>";
		};
		2AE8F1E424E08C110003B085 /* LaunchScreen.storyboard */ = {
			isa = PBXVariantGroup;
			children = (
				2AE8F1E524E08C110003B085 /* Base */,
			);
			name = LaunchScreen.storyboard;
			sourceTree = "<group>";
		};
/* End PBXVariantGroup section */

/* Begin XCBuildConfiguration section */
		2AE8F1E824E08C110003B085 /* Debug */ = {
			isa = XCBuildConfiguration;
			buildSettings = {
				ALWAYS_SEARCH_USER_PATHS = NO;
				CLANG_ANALYZER_NONNULL = YES;
				CLANG_ANALYZER_NUMBER_OBJECT_CONVERSION = YES_AGGRESSIVE;
				CLANG_CXX_LANGUAGE_STANDARD = "gnu++14";
				CLANG_CXX_LIBRARY = "libc++";
				CLANG_ENABLE_MODULES = YES;
				CLANG_ENABLE_OBJC_ARC = YES;
				CLANG_ENABLE_OBJC_WEAK = YES;
				CLANG_WARN_BLOCK_CAPTURE_AUTORELEASING = YES;
				CLANG_WARN_BOOL_CONVERSION = YES;
				CLANG_WARN_COMMA = YES;
				CLANG_WARN_CONSTANT_CONVERSION = YES;
				CLANG_WARN_DEPRECATED_OBJC_IMPLEMENTATIONS = YES;
				CLANG_WARN_DIRECT_OBJC_ISA_USAGE = YES_ERROR;
				CLANG_WARN_DOCUMENTATION_COMMENTS = YES;
				CLANG_WARN_EMPTY_BODY = YES;
				CLANG_WARN_ENUM_CONVERSION = YES;
				CLANG_WARN_INFINITE_RECURSION = YES;
				CLANG_WARN_INT_CONVERSION = YES;
				CLANG_WARN_NON_LITERAL_NULL_CONVERSION = YES;
				CLANG_WARN_OBJC_IMPLICIT_RETAIN_SELF = YES;
				CLANG_WARN_OBJC_LITERAL_CONVERSION = YES;
				CLANG_WARN_OBJC_ROOT_CLASS = YES_ERROR;
				CLANG_WARN_RANGE_LOOP_ANALYSIS = YES;
				CLANG_WARN_STRICT_PROTOTYPES = YES;
				CLANG_WARN_SUSPICIOUS_MOVE = YES;
				CLANG_WARN_UNGUARDED_AVAILABILITY = YES_AGGRESSIVE;
				CLANG_WARN_UNREACHABLE_CODE = YES;
				CLANG_WARN__DUPLICATE_METHOD_MATCH = YES;
				COPY_PHASE_STRIP = NO;
				DEBUG_INFORMATION_FORMAT = dwarf;
				ENABLE_STRICT_OBJC_MSGSEND = YES;
				ENABLE_TESTABILITY = YES;
				GCC_C_LANGUAGE_STANDARD = gnu11;
				GCC_DYNAMIC_NO_PIC = NO;
				GCC_NO_COMMON_BLOCKS = YES;
				GCC_OPTIMIZATION_LEVEL = 0;
				GCC_PREPROCESSOR_DEFINITIONS = (
					"DEBUG=1",
					"$(inherited)",
				);
				GCC_WARN_64_TO_32_BIT_CONVERSION = YES;
				GCC_WARN_ABOUT_RETURN_TYPE = YES_ERROR;
				GCC_WARN_UNDECLARED_SELECTOR = YES;
				GCC_WARN_UNINITIALIZED_AUTOS = YES_AGGRESSIVE;
				GCC_WARN_UNUSED_FUNCTION = YES;
				GCC_WARN_UNUSED_VARIABLE = YES;
				IPHONEOS_DEPLOYMENT_TARGET = 13.6;
				MTL_ENABLE_DEBUG_INFO = INCLUDE_SOURCE;
				MTL_FAST_MATH = YES;
				ONLY_ACTIVE_ARCH = YES;
				SDKROOT = iphoneos;
				SWIFT_ACTIVE_COMPILATION_CONDITIONS = DEBUG;
				SWIFT_OPTIMIZATION_LEVEL = "-Onone";
			};
			name = Debug;
		};
		2AE8F1E924E08C110003B085 /* Release */ = {
			isa = XCBuildConfiguration;
			buildSettings = {
				ALWAYS_SEARCH_USER_PATHS = NO;
				CLANG_ANALYZER_NONNULL = YES;
				CLANG_ANALYZER_NUMBER_OBJECT_CONVERSION = YES_AGGRESSIVE;
				CLANG_CXX_LANGUAGE_STANDARD = "gnu++14";
				CLANG_CXX_LIBRARY = "libc++";
				CLANG_ENABLE_MODULES = YES;
				CLANG_ENABLE_OBJC_ARC = YES;
				CLANG_ENABLE_OBJC_WEAK = YES;
				CLANG_WARN_BLOCK_CAPTURE_AUTORELEASING = YES;
				CLANG_WARN_BOOL_CONVERSION = YES;
				CLANG_WARN_COMMA = YES;
				CLANG_WARN_CONSTANT_CONVERSION = YES;
				CLANG_WARN_DEPRECATED_OBJC_IMPLEMENTATIONS = YES;
				CLANG_WARN_DIRECT_OBJC_ISA_USAGE = YES_ERROR;
				CLANG_WARN_DOCUMENTATION_COMMENTS = YES;
				CLANG_WARN_EMPTY_BODY = YES;
				CLANG_WARN_ENUM_CONVERSION = YES;
				CLANG_WARN_INFINITE_RECURSION = YES;
				CLANG_WARN_INT_CONVERSION = YES;
				CLANG_WARN_NON_LITERAL_NULL_CONVERSION = YES;
				CLANG_WARN_OBJC_IMPLICIT_RETAIN_SELF = YES;
				CLANG_WARN_OBJC_LITERAL_CONVERSION = YES;
				CLANG_WARN_OBJC_ROOT_CLASS = YES_ERROR;
				CLANG_WARN_RANGE_LOOP_ANALYSIS = YES;
				CLANG_WARN_STRICT_PROTOTYPES = YES;
				CLANG_WARN_SUSPICIOUS_MOVE = YES;
				CLANG_WARN_UNGUARDED_AVAILABILITY = YES_AGGRESSIVE;
				CLANG_WARN_UNREACHABLE_CODE = YES;
				CLANG_WARN__DUPLICATE_METHOD_MATCH = YES;
				COPY_PHASE_STRIP = NO;
				DEBUG_INFORMATION_FORMAT = "dwarf-with-dsym";
				ENABLE_NS_ASSERTIONS = NO;
				ENABLE_STRICT_OBJC_MSGSEND = YES;
				GCC_C_LANGUAGE_STANDARD = gnu11;
				GCC_NO_COMMON_BLOCKS = YES;
				GCC_WARN_64_TO_32_BIT_CONVERSION = YES;
				GCC_WARN_ABOUT_RETURN_TYPE = YES_ERROR;
				GCC_WARN_UNDECLARED_SELECTOR = YES;
				GCC_WARN_UNINITIALIZED_AUTOS = YES_AGGRESSIVE;
				GCC_WARN_UNUSED_FUNCTION = YES;
				GCC_WARN_UNUSED_VARIABLE = YES;
				IPHONEOS_DEPLOYMENT_TARGET = 13.6;
				MTL_ENABLE_DEBUG_INFO = NO;
				MTL_FAST_MATH = YES;
				SDKROOT = iphoneos;
				SWIFT_COMPILATION_MODE = wholemodule;
				SWIFT_OPTIMIZATION_LEVEL = "-O";
				VALIDATE_PRODUCT = YES;
			};
			name = Release;
		};
		2AE8F1EB24E08C110003B085 /* Debug */ = {
			isa = XCBuildConfiguration;
			baseConfigurationReference = 3E0185AC124955A9E5FB7107 /* Pods-Capstone_elite_helpingHand.debug.xcconfig */;
			buildSettings = {
				ASSETCATALOG_COMPILER_APPICON_NAME = AppIcon;
				CODE_SIGN_STYLE = Automatic;
				DEVELOPMENT_TEAM = JA23XT8SKA;
				INFOPLIST_FILE = Capstone_elite_helpingHand/Info.plist;
				LD_RUNPATH_SEARCH_PATHS = (
					"$(inherited)",
					"@executable_path/Frameworks",
				);
				PRODUCT_BUNDLE_IDENTIFIER = "com.lambton.Capstone-elite-helpingHand";
				PRODUCT_NAME = "$(TARGET_NAME)";
				SWIFT_VERSION = 5.0;
				TARGETED_DEVICE_FAMILY = "1,2";
			};
			name = Debug;
		};
		2AE8F1EC24E08C110003B085 /* Release */ = {
			isa = XCBuildConfiguration;
			baseConfigurationReference = 485E377FE832B70AAA78E8B7 /* Pods-Capstone_elite_helpingHand.release.xcconfig */;
			buildSettings = {
				ASSETCATALOG_COMPILER_APPICON_NAME = AppIcon;
				CODE_SIGN_STYLE = Automatic;
				DEVELOPMENT_TEAM = JA23XT8SKA;
				INFOPLIST_FILE = Capstone_elite_helpingHand/Info.plist;
				LD_RUNPATH_SEARCH_PATHS = (
					"$(inherited)",
					"@executable_path/Frameworks",
				);
				PRODUCT_BUNDLE_IDENTIFIER = "com.lambton.Capstone-elite-helpingHand";
				PRODUCT_NAME = "$(TARGET_NAME)";
				SWIFT_VERSION = 5.0;
				TARGETED_DEVICE_FAMILY = "1,2";
			};
			name = Release;
		};
/* End XCBuildConfiguration section */

/* Begin XCConfigurationList section */
		2AE8F1D124E08C100003B085 /* Build configuration list for PBXProject "Capstone_elite_helpingHand" */ = {
			isa = XCConfigurationList;
			buildConfigurations = (
				2AE8F1E824E08C110003B085 /* Debug */,
				2AE8F1E924E08C110003B085 /* Release */,
			);
			defaultConfigurationIsVisible = 0;
			defaultConfigurationName = Release;
		};
		2AE8F1EA24E08C110003B085 /* Build configuration list for PBXNativeTarget "Capstone_elite_helpingHand" */ = {
			isa = XCConfigurationList;
			buildConfigurations = (
				2AE8F1EB24E08C110003B085 /* Debug */,
				2AE8F1EC24E08C110003B085 /* Release */,
			);
			defaultConfigurationIsVisible = 0;
			defaultConfigurationName = Release;
		};
/* End XCConfigurationList section */
	};
	rootObject = 2AE8F1CE24E08C100003B085 /* Project object */;
}
